
Microsoft Visual Studio Solution File, Format Version 12.00
# Visual Studio Version 17
VisualStudioVersion = 17.9.34714.143
MinimumVisualStudioVersion = 10.0.40219.1
Project("{9A19103F-16F7-4668-BE54-9A1E7A4F7556}") = "AvaloniaMessenger", "AvaloniaMessenger\AvaloniaMessenger.csproj", "{80DE5B50-EDCA-480D-80FC-8FC5A2E69BDF}"
EndProject
Project("{9A19103F-16F7-4668-BE54-9A1E7A4F7556}") = "AvaloniaMessenger.Desktop", "AvaloniaMessenger.Desktop\AvaloniaMessenger.Desktop.csproj", "{0E7A0E14-E410-4F24-BB2A-C1BE6275D7FE}"
EndProject
Global
	GlobalSection(SolutionConfigurationPlatforms) = preSolution
		Debug|Any CPU = Debug|Any CPU
		Release|Any CPU = Release|Any CPU
	EndGlobalSection
	GlobalSection(ProjectConfigurationPlatforms) = postSolution
		{80DE5B50-EDCA-480D-80FC-8FC5A2E69BDF}.Debug|Any CPU.ActiveCfg = Debug|Any CPU
		{80DE5B50-EDCA-480D-80FC-8FC5A2E69BDF}.Debug|Any CPU.Build.0 = Debug|Any CPU
		{80DE5B50-EDCA-480D-80FC-8FC5A2E69BDF}.Release|Any CPU.ActiveCfg = Release|Any CPU
		{80DE5B50-EDCA-480D-80FC-8FC5A2E69BDF}.Release|Any CPU.Build.0 = Release|Any CPU
		{0E7A0E14-E410-4F24-BB2A-C1BE6275D7FE}.Debug|Any CPU.ActiveCfg = Debug|Any CPU
		{0E7A0E14-E410-4F24-BB2A-C1BE6275D7FE}.Debug|Any CPU.Build.0 = Debug|Any CPU
		{0E7A0E14-E410-4F24-BB2A-C1BE6275D7FE}.Release|Any CPU.ActiveCfg = Release|Any CPU
		{0E7A0E14-E410-4F24-BB2A-C1BE6275D7FE}.Release|Any CPU.Build.0 = Release|Any CPU
	EndGlobalSection
	GlobalSection(SolutionProperties) = preSolution
		HideSolutionNode = FALSE
	EndGlobalSection
	GlobalSection(ExtensibilityGlobals) = postSolution
		SolutionGuid = {69C3C12B-DEA1-4FF7-A7A4-FF58EDDD5E12}
	EndGlobalSection
EndGlobal
